
Microsoft Visual Studio Solution File, Format Version 12.00
# Visual Studio 2012
Project("{FAE04EC0-301F-11D3-BF4B-00C04F79EFBC}") = "EngWordsCards", "EngWordsCards\EngWordsCards.csproj", "{A330A2BB-345A-444D-AF71-1BCB8CC267FE}"
EndProject
Project("{FAE04EC0-301F-11D3-BF4B-00C04F79EFBC}") = "EngWordsCards.UITests", "EngWordsCards.UITests\EngWordsCards.UITests.csproj", "{750BD487-090D-4817-BA93-A1574AB874D5}"
EndProject
Global
	GlobalSection(SolutionConfigurationPlatforms) = preSolution
		Debug|Any CPU = Debug|Any CPU
		Release|Any CPU = Release|Any CPU
	EndGlobalSection
	GlobalSection(ProjectConfigurationPlatforms) = postSolution
		{A330A2BB-345A-444D-AF71-1BCB8CC267FE}.Debug|Any CPU.ActiveCfg = Debug|Any CPU
		{A330A2BB-345A-444D-AF71-1BCB8CC267FE}.Debug|Any CPU.Build.0 = Debug|Any CPU
		{A330A2BB-345A-444D-AF71-1BCB8CC267FE}.Release|Any CPU.ActiveCfg = Release|Any CPU
		{A330A2BB-345A-444D-AF71-1BCB8CC267FE}.Release|Any CPU.Build.0 = Release|Any CPU
		{750BD487-090D-4817-BA93-A1574AB874D5}.Debug|Any CPU.ActiveCfg = Debug|Any CPU
		{750BD487-090D-4817-BA93-A1574AB874D5}.Debug|Any CPU.Build.0 = Debug|Any CPU
		{750BD487-090D-4817-BA93-A1574AB874D5}.Release|Any CPU.ActiveCfg = Release|Any CPU
		{750BD487-090D-4817-BA93-A1574AB874D5}.Release|Any CPU.Build.0 = Release|Any CPU
	EndGlobalSection
EndGlobal
